<?xml version="1.0" encoding="UTF-8" standalone="yes" ?>
<CodeBlocks_project_file>
	<FileVersion major="1" minor="6" />
	<Project>
		<Option title="RestServer" />
		<Option platforms="Unix;" />
		<Option pch_mode="2" />
		<Option compiler="gcc" />
		<Build>
			<Target title="Debug">
				<Option output="bin/Debug/RestServer" prefix_auto="1" extension_auto="1" />
				<Option object_output="obj/Debug/" />
				<Option type="1" />
				<Option compiler="gcc" />
				<Compiler>
					<Add option="-std=c++11" />
					<Add option="-g" />
				</Compiler>
				<Linker>
					<Add library="/usr/local/lib/libPocoUtild.so" />
					<Add library="/usr/local/lib/libPocoNetd.so" />
					<Add library="/usr/local/lib/libPocoFoundationd.so" />
				</Linker>
			</Target>
			<Target title="Release">
				<Option output="bin/Release/RestServer" prefix_auto="1" extension_auto="1" />
				<Option object_output="obj/Release/" />
				<Option type="1" />
				<Option compiler="gcc" />
				<Compiler>
					<Add option="-O2" />
					<Add option="-std=c++11" />
				</Compiler>
				<Linker>
					<Add option="-s" />
					<Add library="/usr/local/lib/libPocoUtil.so" />
					<Add library="/usr/local/lib/libPocoNet.so" />
					<Add library="/usr/local/lib/libPocoFoundation.so" />
				</Linker>
			</Target>
		</Build>
		<Compiler>
			<Add option="-std=c++11" />
			<Add option="-Wall" />
		</Compiler>
		<Unit filename="RestRequestRouter.cpp" />
		<Unit filename="hdr/RestServer.h" />
		<Unit filename="src/RestServer.cpp" />
		<Unit filename="src/TrainingManagerRestlet.cpp" />
		<Extensions>
			<code_completion />
			<debugger />
		</Extensions>
	</Project>
</CodeBlocks_project_file>
